
Microsoft Visual Studio Solution File, Format Version 12.00
# Visual Studio Version 17
VisualStudioVersion = 17.10.35122.118
MinimumVisualStudioVersion = 10.0.40219.1
Project("{9A19103F-16F7-4668-BE54-9A1E7A4F7556}") = "FiapTechChallenge.API", "FiapTechChallenge.API\FiapTechChallenge.API.csproj", "{563EA3D5-7518-4518-88D8-FDFE159395F2}"
EndProject
Project("{9A19103F-16F7-4668-BE54-9A1E7A4F7556}") = "FiapTechChallenge.Core", "FiapTechChallenge.Core\FiapTechChallenge.Core.csproj", "{DEEB48A2-DD23-4FA6-AF81-7FA67C656B26}"
EndProject
Project("{9A19103F-16F7-4668-BE54-9A1E7A4F7556}") = "FiapTechChallenge.Infrastructure", "FiapTechChallenge.Infrastructure\FiapTechChallenge.Infrastructure.csproj", "{0B586366-5C16-4FD5-8EFB-03476DC32FEE}"
EndProject
Project("{9A19103F-16F7-4668-BE54-9A1E7A4F7556}") = "FiapTechChallenge.Tests", "FiapTechChallenge.Tests\FiapTechChallenge.Tests.csproj", "{912EC0A5-4152-4141-9D32-A66AE2AA1A4F}"
EndProject
Project("{9A19103F-16F7-4668-BE54-9A1E7A4F7556}") = "FiapTechChallenge.IntegrationTests", "FiapTechChallenge.IntegrationTests\FiapTechChallenge.IntegrationTests.csproj", "{5DF5A565-664E-4EF7-9644-2377026105C0}"
EndProject
Project("{2150E333-8FDC-42A3-9474-1A3956D46DE8}") = "Itens de Solução", "Itens de Solução", "{D5AB2904-4C65-4DD1-A23D-DCE015E5CB0B}"
	ProjectSection(SolutionItems) = preProject
		Dockerfile = Dockerfile
	EndProjectSection
EndProject
Global
	GlobalSection(SolutionConfigurationPlatforms) = preSolution
		Debug|Any CPU = Debug|Any CPU
		Release|Any CPU = Release|Any CPU
	EndGlobalSection
	GlobalSection(ProjectConfigurationPlatforms) = postSolution
		{563EA3D5-7518-4518-88D8-FDFE159395F2}.Debug|Any CPU.ActiveCfg = Debug|Any CPU
		{563EA3D5-7518-4518-88D8-FDFE159395F2}.Debug|Any CPU.Build.0 = Debug|Any CPU
		{563EA3D5-7518-4518-88D8-FDFE159395F2}.Release|Any CPU.ActiveCfg = Release|Any CPU
		{563EA3D5-7518-4518-88D8-FDFE159395F2}.Release|Any CPU.Build.0 = Release|Any CPU
		{DEEB48A2-DD23-4FA6-AF81-7FA67C656B26}.Debug|Any CPU.ActiveCfg = Debug|Any CPU
		{DEEB48A2-DD23-4FA6-AF81-7FA67C656B26}.Debug|Any CPU.Build.0 = Debug|Any CPU
		{DEEB48A2-DD23-4FA6-AF81-7FA67C656B26}.Release|Any CPU.ActiveCfg = Release|Any CPU
		{DEEB48A2-DD23-4FA6-AF81-7FA67C656B26}.Release|Any CPU.Build.0 = Release|Any CPU
		{0B586366-5C16-4FD5-8EFB-03476DC32FEE}.Debug|Any CPU.ActiveCfg = Debug|Any CPU
		{0B586366-5C16-4FD5-8EFB-03476DC32FEE}.Debug|Any CPU.Build.0 = Debug|Any CPU
		{0B586366-5C16-4FD5-8EFB-03476DC32FEE}.Release|Any CPU.ActiveCfg = Release|Any CPU
		{0B586366-5C16-4FD5-8EFB-03476DC32FEE}.Release|Any CPU.Build.0 = Release|Any CPU
		{912EC0A5-4152-4141-9D32-A66AE2AA1A4F}.Debug|Any CPU.ActiveCfg = Debug|Any CPU
		{912EC0A5-4152-4141-9D32-A66AE2AA1A4F}.Debug|Any CPU.Build.0 = Debug|Any CPU
		{912EC0A5-4152-4141-9D32-A66AE2AA1A4F}.Release|Any CPU.ActiveCfg = Release|Any CPU
		{912EC0A5-4152-4141-9D32-A66AE2AA1A4F}.Release|Any CPU.Build.0 = Release|Any CPU
		{5DF5A565-664E-4EF7-9644-2377026105C0}.Debug|Any CPU.ActiveCfg = Debug|Any CPU
		{5DF5A565-664E-4EF7-9644-2377026105C0}.Debug|Any CPU.Build.0 = Debug|Any CPU
		{5DF5A565-664E-4EF7-9644-2377026105C0}.Release|Any CPU.ActiveCfg = Release|Any CPU
		{5DF5A565-664E-4EF7-9644-2377026105C0}.Release|Any CPU.Build.0 = Release|Any CPU
	EndGlobalSection
	GlobalSection(SolutionProperties) = preSolution
		HideSolutionNode = FALSE
	EndGlobalSection
	GlobalSection(ExtensibilityGlobals) = postSolution
		SolutionGuid = {558B40FB-CB58-4EB2-A335-3A34C724372E}
	EndGlobalSection
EndGlobal
